
Microsoft Visual Studio Solution File, Format Version 12.00
# Visual Studio 15
VisualStudioVersion = 15.0.26124.0
MinimumVisualStudioVersion = 15.0.26124.0
Project("{FAE04EC0-301F-11D3-BF4B-00C04F79EFBC}") = "CoreOrders", "CoreOrders\CoreOrders.csproj", "{39B3CF0A-F53E-4452-914B-0FF4F3C1BBC8}"
EndProject
Project("{FAE04EC0-301F-11D3-BF4B-00C04F79EFBC}") = "CoreOrders.Tests", "CoreOrders.Tests\CoreOrders.Tests.csproj", "{7DDEFCB9-02FA-4415-9AAE-9F79181A4738}"
EndProject
Global
	GlobalSection(SolutionConfigurationPlatforms) = preSolution
		Debug|Any CPU = Debug|Any CPU
		Debug|x64 = Debug|x64
		Debug|x86 = Debug|x86
		Release|Any CPU = Release|Any CPU
		Release|x64 = Release|x64
		Release|x86 = Release|x86
	EndGlobalSection
	GlobalSection(SolutionProperties) = preSolution
		HideSolutionNode = FALSE
	EndGlobalSection
	GlobalSection(ProjectConfigurationPlatforms) = postSolution
		{39B3CF0A-F53E-4452-914B-0FF4F3C1BBC8}.Debug|Any CPU.ActiveCfg = Debug|Any CPU
		{39B3CF0A-F53E-4452-914B-0FF4F3C1BBC8}.Debug|Any CPU.Build.0 = Debug|Any CPU
		{39B3CF0A-F53E-4452-914B-0FF4F3C1BBC8}.Debug|x64.ActiveCfg = Debug|Any CPU
		{39B3CF0A-F53E-4452-914B-0FF4F3C1BBC8}.Debug|x64.Build.0 = Debug|Any CPU
		{39B3CF0A-F53E-4452-914B-0FF4F3C1BBC8}.Debug|x86.ActiveCfg = Debug|Any CPU
		{39B3CF0A-F53E-4452-914B-0FF4F3C1BBC8}.Debug|x86.Build.0 = Debug|Any CPU
		{39B3CF0A-F53E-4452-914B-0FF4F3C1BBC8}.Release|Any CPU.ActiveCfg = Release|Any CPU
		{39B3CF0A-F53E-4452-914B-0FF4F3C1BBC8}.Release|Any CPU.Build.0 = Release|Any CPU
		{39B3CF0A-F53E-4452-914B-0FF4F3C1BBC8}.Release|x64.ActiveCfg = Release|Any CPU
		{39B3CF0A-F53E-4452-914B-0FF4F3C1BBC8}.Release|x64.Build.0 = Release|Any CPU
		{39B3CF0A-F53E-4452-914B-0FF4F3C1BBC8}.Release|x86.ActiveCfg = Release|Any CPU
		{39B3CF0A-F53E-4452-914B-0FF4F3C1BBC8}.Release|x86.Build.0 = Release|Any CPU
		{7DDEFCB9-02FA-4415-9AAE-9F79181A4738}.Debug|Any CPU.ActiveCfg = Debug|Any CPU
		{7DDEFCB9-02FA-4415-9AAE-9F79181A4738}.Debug|Any CPU.Build.0 = Debug|Any CPU
		{7DDEFCB9-02FA-4415-9AAE-9F79181A4738}.Debug|x64.ActiveCfg = Debug|Any CPU
		{7DDEFCB9-02FA-4415-9AAE-9F79181A4738}.Debug|x64.Build.0 = Debug|Any CPU
		{7DDEFCB9-02FA-4415-9AAE-9F79181A4738}.Debug|x86.ActiveCfg = Debug|Any CPU
		{7DDEFCB9-02FA-4415-9AAE-9F79181A4738}.Debug|x86.Build.0 = Debug|Any CPU
		{7DDEFCB9-02FA-4415-9AAE-9F79181A4738}.Release|Any CPU.ActiveCfg = Release|Any CPU
		{7DDEFCB9-02FA-4415-9AAE-9F79181A4738}.Release|Any CPU.Build.0 = Release|Any CPU
		{7DDEFCB9-02FA-4415-9AAE-9F79181A4738}.Release|x64.ActiveCfg = Release|Any CPU
		{7DDEFCB9-02FA-4415-9AAE-9F79181A4738}.Release|x64.Build.0 = Release|Any CPU
		{7DDEFCB9-02FA-4415-9AAE-9F79181A4738}.Release|x86.ActiveCfg = Release|Any CPU
		{7DDEFCB9-02FA-4415-9AAE-9F79181A4738}.Release|x86.Build.0 = Release|Any CPU
	EndGlobalSection
EndGlobal
